
Microsoft Visual Studio Solution File, Format Version 12.00
# Visual Studio Version 17
VisualStudioVersion = 17.3.32901.215
MinimumVisualStudioVersion = 10.0.40219.1
Project("{FAE04EC0-301F-11D3-BF4B-00C04F79EFBC}") = "Pr.12.Zd.1", "Pr.12.Zd.1\Pr.12.Zd.1.csproj", "{7F626655-2D13-47C1-8A0D-6FB7E86F5E09}"
EndProject
Global
	GlobalSection(SolutionConfigurationPlatforms) = preSolution
		Debug|Any CPU = Debug|Any CPU
		Release|Any CPU = Release|Any CPU
	EndGlobalSection
	GlobalSection(ProjectConfigurationPlatforms) = postSolution
		{7F626655-2D13-47C1-8A0D-6FB7E86F5E09}.Debug|Any CPU.ActiveCfg = Debug|Any CPU
		{7F626655-2D13-47C1-8A0D-6FB7E86F5E09}.Debug|Any CPU.Build.0 = Debug|Any CPU
		{7F626655-2D13-47C1-8A0D-6FB7E86F5E09}.Release|Any CPU.ActiveCfg = Release|Any CPU
		{7F626655-2D13-47C1-8A0D-6FB7E86F5E09}.Release|Any CPU.Build.0 = Release|Any CPU
	EndGlobalSection
	GlobalSection(SolutionProperties) = preSolution
		HideSolutionNode = FALSE
	EndGlobalSection
	GlobalSection(ExtensibilityGlobals) = postSolution
		SolutionGuid = {E58389B8-F7DC-4223-86DB-EF80CBAA6772}
	EndGlobalSection
EndGlobal
